// !$*UTF8*$!
{
	archiveVersion = 1;
	classes = {
	};
	objectVersion = 55;
	objects = {

/* Begin PBXBuildFile section */
		3231AB8828A27F0900C828EA /* AppDelegate.swift in Sources */ = {isa = PBXBuildFile; fileRef = 3231AB8728A27F0900C828EA /* AppDelegate.swift */; };
		3231AB8A28A27F0900C828EA /* SceneDelegate.swift in Sources */ = {isa = PBXBuildFile; fileRef = 3231AB8928A27F0900C828EA /* SceneDelegate.swift */; };
		3231AB9128A27F0A00C828EA /* Assets.xcassets in Resources */ = {isa = PBXBuildFile; fileRef = 3231AB9028A27F0A00C828EA /* Assets.xcassets */; };
		3231AB9428A27F0A00C828EA /* LaunchScreen.storyboard in Resources */ = {isa = PBXBuildFile; fileRef = 3231AB9228A27F0A00C828EA /* LaunchScreen.storyboard */; };
		3231AB9C28A27F5800C828EA /* MainViewController.swift in Sources */ = {isa = PBXBuildFile; fileRef = 3231AB9B28A27F5800C828EA /* MainViewController.swift */; };
		3231ABA128A2869400C828EA /* WorldView.swift in Sources */ = {isa = PBXBuildFile; fileRef = 3231ABA028A2869400C828EA /* WorldView.swift */; };
		32A17D6A28A299B00006EBEA /* CellView.swift in Sources */ = {isa = PBXBuildFile; fileRef = 32A17D6928A299B00006EBEA /* CellView.swift */; };
		32A17D6C28A29E2A0006EBEA /* WorldModel.swift in Sources */ = {isa = PBXBuildFile; fileRef = 32A17D6B28A29E2A0006EBEA /* WorldModel.swift */; };
/* End PBXBuildFile section */

/* Begin PBXFileReference section */
		3231AB8428A27F0900C828EA /* BBGameOfLifeTest.app */ = {isa = PBXFileReference; explicitFileType = wrapper.application; includeInIndex = 0; path = BBGameOfLifeTest.app; sourceTree = BUILT_PRODUCTS_DIR; };
		3231AB8728A27F0900C828EA /* AppDelegate.swift */ = {isa = PBXFileReference; lastKnownFileType = sourcecode.swift; path = AppDelegate.swift; sourceTree = "<group>"; };
		3231AB8928A27F0900C828EA /* SceneDelegate.swift */ = {isa = PBXFileReference; lastKnownFileType = sourcecode.swift; path = SceneDelegate.swift; sourceTree = "<group>"; };
		3231AB9028A27F0A00C828EA /* Assets.xcassets */ = {isa = PBXFileReference; lastKnownFileType = folder.assetcatalog; path = Assets.xcassets; sourceTree = "<group>"; };
		3231AB9328A27F0A00C828EA /* Base */ = {isa = PBXFileReference; lastKnownFileType = file.storyboard; name = Base; path = Base.lproj/LaunchScreen.storyboard; sourceTree = "<group>"; };
		3231AB9528A27F0A00C828EA /* Info.plist */ = {isa = PBXFileReference; lastKnownFileType = text.plist.xml; path = Info.plist; sourceTree = "<group>"; };
		3231AB9B28A27F5800C828EA /* MainViewController.swift */ = {isa = PBXFileReference; lastKnownFileType = sourcecode.swift; path = MainViewController.swift; sourceTree = "<group>"; };
		3231ABA028A2869400C828EA /* WorldView.swift */ = {isa = PBXFileReference; lastKnownFileType = sourcecode.swift; path = WorldView.swift; sourceTree = "<group>"; };
		32A17D6928A299B00006EBEA /* CellView.swift */ = {isa = PBXFileReference; lastKnownFileType = sourcecode.swift; path = CellView.swift; sourceTree = "<group>"; };
		32A17D6B28A29E2A0006EBEA /* WorldModel.swift */ = {isa = PBXFileReference; lastKnownFileType = sourcecode.swift; path = WorldModel.swift; sourceTree = "<group>"; };
/* End PBXFileReference section */

/* Begin PBXFrameworksBuildPhase section */
		3231AB8128A27F0900C828EA /* Frameworks */ = {
			isa = PBXFrameworksBuildPhase;
			buildActionMask = 2147483647;
			files = (
			);
			runOnlyForDeploymentPostprocessing = 0;
		};
/* End PBXFrameworksBuildPhase section */

/* Begin PBXGroup section */
		3231AB7B28A27F0900C828EA = {
			isa = PBXGroup;
			children = (
				3231AB8628A27F0900C828EA /* BBGameOfLifeTest */,
				3231AB8528A27F0900C828EA /* Products */,
			);
			sourceTree = "<group>";
		};
		3231AB8528A27F0900C828EA /* Products */ = {
			isa = PBXGroup;
			children = (
				3231AB8428A27F0900C828EA /* BBGameOfLifeTest.app */,
			);
			name = Products;
			sourceTree = "<group>";
		};
		3231AB8628A27F0900C828EA /* BBGameOfLifeTest */ = {
			isa = PBXGroup;
			children = (
				3231AB9D28A27F9000C828EA /* Application */,
				3231AB9B28A27F5800C828EA /* MainViewController.swift */,
				3231ABA228A287AC00C828EA /* Model */,
				3231ABA628A2886700C828EA /* Views */,
				3231ABA528A2885000C828EA /* Supporting Files */,
			);
			path = BBGameOfLifeTest;
			sourceTree = "<group>";
		};
		3231AB9D28A27F9000C828EA /* Application */ = {
			isa = PBXGroup;
			children = (
				3231AB8728A27F0900C828EA /* AppDelegate.swift */,
				3231AB8928A27F0900C828EA /* SceneDelegate.swift */,
			);
			path = Application;
			sourceTree = "<group>";
		};
		3231ABA228A287AC00C828EA /* Model */ = {
			isa = PBXGroup;
			children = (
				32A17D6B28A29E2A0006EBEA /* WorldModel.swift */,
			);
			path = Model;
			sourceTree = "<group>";
		};
		3231ABA528A2885000C828EA /* Supporting Files */ = {
			isa = PBXGroup;
			children = (
				3231AB9028A27F0A00C828EA /* Assets.xcassets */,
				3231AB9228A27F0A00C828EA /* LaunchScreen.storyboard */,
				3231AB9528A27F0A00C828EA /* Info.plist */,
			);
			path = "Supporting Files";
			sourceTree = "<group>";
		};
		3231ABA628A2886700C828EA /* Views */ = {
			isa = PBXGroup;
			children = (
				3231ABA028A2869400C828EA /* WorldView.swift */,
				32A17D6928A299B00006EBEA /* CellView.swift */,
			);
			path = Views;
			sourceTree = "<group>";
		};
/* End PBXGroup section */

/* Begin PBXNativeTarget section */
		3231AB8328A27F0900C828EA /* BBGameOfLifeTest */ = {
			isa = PBXNativeTarget;
			buildConfigurationList = 3231AB9828A27F0A00C828EA /* Build configuration list for PBXNativeTarget "BBGameOfLifeTest" */;
			buildPhases = (
				3231AB8028A27F0900C828EA /* Sources */,
				3231AB8128A27F0900C828EA /* Frameworks */,
				3231AB8228A27F0900C828EA /* Resources */,
			);
			buildRules = (
			);
			dependencies = (
			);
			name = BBGameOfLifeTest;
			productName = BBGameOfLifeTest;
			productReference = 3231AB8428A27F0900C828EA /* BBGameOfLifeTest.app */;
			productType = "com.apple.product-type.application";
		};
/* End PBXNativeTarget section */

/* Begin PBXProject section */
		3231AB7C28A27F0900C828EA /* Project object */ = {
			isa = PBXProject;
			attributes = {
				BuildIndependentTargetsInParallel = 1;
				LastSwiftUpdateCheck = 1340;
				LastUpgradeCheck = 1340;
				TargetAttributes = {
					3231AB8328A27F0900C828EA = {
						CreatedOnToolsVersion = 13.4.1;
					};
				};
			};
			buildConfigurationList = 3231AB7F28A27F0900C828EA /* Build configuration list for PBXProject "BBGameOfLifeTest" */;
			compatibilityVersion = "Xcode 13.0";
			developmentRegion = en;
			hasScannedForEncodings = 0;
			knownRegions = (
				en,
				Base,
			);
			mainGroup = 3231AB7B28A27F0900C828EA;
			productRefGroup = 3231AB8528A27F0900C828EA /* Products */;
			projectDirPath = "";
			projectRoot = "";
			targets = (
				3231AB8328A27F0900C828EA /* BBGameOfLifeTest */,
			);
		};
/* End PBXProject section */

/* Begin PBXResourcesBuildPhase section */
		3231AB8228A27F0900C828EA /* Resources */ = {
			isa = PBXResourcesBuildPhase;
			buildActionMask = 2147483647;
			files = (
				3231AB9428A27F0A00C828EA /* LaunchScreen.storyboard in Resources */,
				3231AB9128A27F0A00C828EA /* Assets.xcassets in Resources */,
			);
			runOnlyForDeploymentPostprocessing = 0;
		};
/* End PBXResourcesBuildPhase section */

/* Begin PBXSourcesBuildPhase section */
		3231AB8028A27F0900C828EA /* Sources */ = {
			isa = PBXSourcesBuildPhase;
			buildActionMask = 2147483647;
			files = (
				3231AB9C28A27F5800C828EA /* MainViewController.swift in Sources */,
				32A17D6C28A29E2A0006EBEA /* WorldModel.swift in Sources */,
				3231ABA128A2869400C828EA /* WorldView.swift in Sources */,
				3231AB8828A27F0900C828EA /* AppDelegate.swift in Sources */,
				3231AB8A28A27F0900C828EA /* SceneDelegate.swift in Sources */,
				32A17D6A28A299B00006EBEA /* CellView.swift in Sources */,
			);
			runOnlyForDeploymentPostprocessing = 0;
		};
/* End PBXSourcesBuildPhase section */

/* Begin PBXVariantGroup section */
		3231AB9228A27F0A00C828EA /* LaunchScreen.storyboard */ = {
			isa = PBXVariantGroup;
			children = (
				3231AB9328A27F0A00C828EA /* Base */,
			);
			name = LaunchScreen.storyboard;
			sourceTree = "<group>";
		};
/* End PBXVariantGroup section */

/* Begin XCBuildConfiguration section */
		3231AB9628A27F0A00C828EA /* Debug */ = {
			isa = XCBuildConfiguration;
			buildSettings = {
				ALWAYS_SEARCH_USER_PATHS = NO;
				CLANG_ANALYZER_NONNULL = YES;
				CLANG_ANALYZER_NUMBER_OBJECT_CONVERSION = YES_AGGRESSIVE;
				CLANG_CXX_LANGUAGE_STANDARD = "gnu++17";
				CLANG_ENABLE_MODULES = YES;
				CLANG_ENABLE_OBJC_ARC = YES;
				CLANG_ENABLE_OBJC_WEAK = YES;
				CLANG_WARN_BLOCK_CAPTURE_AUTORELEASING = YES;
				CLANG_WARN_BOOL_CONVERSION = YES;
				CLANG_WARN_COMMA = YES;
				CLANG_WARN_CONSTANT_CONVERSION = YES;
				CLANG_WARN_DEPRECATED_OBJC_IMPLEMENTATIONS = YES;
				CLANG_WARN_DIRECT_OBJC_ISA_USAGE = YES_ERROR;
				CLANG_WARN_DOCUMENTATION_COMMENTS = YES;
				CLANG_WARN_EMPTY_BODY = YES;
				CLANG_WARN_ENUM_CONVERSION = YES;
				CLANG_WARN_INFINITE_RECURSION = YES;
				CLANG_WARN_INT_CONVERSION = YES;
				CLANG_WARN_NON_LITERAL_NULL_CONVERSION = YES;
				CLANG_WARN_OBJC_IMPLICIT_RETAIN_SELF = YES;
				CLANG_WARN_OBJC_LITERAL_CONVERSION = YES;
				CLANG_WARN_OBJC_ROOT_CLASS = YES_ERROR;
				CLANG_WARN_QUOTED_INCLUDE_IN_FRAMEWORK_HEADER = YES;
				CLANG_WARN_RANGE_LOOP_ANALYSIS = YES;
				CLANG_WARN_STRICT_PROTOTYPES = YES;
				CLANG_WARN_SUSPICIOUS_MOVE = YES;
				CLANG_WARN_UNGUARDED_AVAILABILITY = YES_AGGRESSIVE;
				CLANG_WARN_UNREACHABLE_CODE = YES;
				CLANG_WARN__DUPLICATE_METHOD_MATCH = YES;
				COPY_PHASE_STRIP = NO;
				DEBUG_INFORMATION_FORMAT = dwarf;
				ENABLE_STRICT_OBJC_MSGSEND = YES;
				ENABLE_TESTABILITY = YES;
				GCC_C_LANGUAGE_STANDARD = gnu11;
				GCC_DYNAMIC_NO_PIC = NO;
				GCC_NO_COMMON_BLOCKS = YES;
				GCC_OPTIMIZATION_LEVEL = 0;
				GCC_PREPROCESSOR_DEFINITIONS = (
					"DEBUG=1",
					"$(inherited)",
				);
				GCC_WARN_64_TO_32_BIT_CONVERSION = YES;
				GCC_WARN_ABOUT_RETURN_TYPE = YES_ERROR;
				GCC_WARN_UNDECLARED_SELECTOR = YES;
				GCC_WARN_UNINITIALIZED_AUTOS = YES_AGGRESSIVE;
				GCC_WARN_UNUSED_FUNCTION = YES;
				GCC_WARN_UNUSED_VARIABLE = YES;
				IPHONEOS_DEPLOYMENT_TARGET = 15.5;
				MTL_ENABLE_DEBUG_INFO = INCLUDE_SOURCE;
				MTL_FAST_MATH = YES;
				ONLY_ACTIVE_ARCH = YES;
				SDKROOT = iphoneos;
				SWIFT_ACTIVE_COMPILATION_CONDITIONS = DEBUG;
				SWIFT_OPTIMIZATION_LEVEL = "-Onone";
			};
			name = Debug;
		};
		3231AB9728A27F0A00C828EA /* Release */ = {
			isa = XCBuildConfiguration;
			buildSettings = {
				ALWAYS_SEARCH_USER_PATHS = NO;
				CLANG_ANALYZER_NONNULL = YES;
				CLANG_ANALYZER_NUMBER_OBJECT_CONVERSION = YES_AGGRESSIVE;
				CLANG_CXX_LANGUAGE_STANDARD = "gnu++17";
				CLANG_ENABLE_MODULES = YES;
				CLANG_ENABLE_OBJC_ARC = YES;
				CLANG_ENABLE_OBJC_WEAK = YES;
				CLANG_WARN_BLOCK_CAPTURE_AUTORELEASING = YES;
				CLANG_WARN_BOOL_CONVERSION = YES;
				CLANG_WARN_COMMA = YES;
				CLANG_WARN_CONSTANT_CONVERSION = YES;
				CLANG_WARN_DEPRECATED_OBJC_IMPLEMENTATIONS = YES;
				CLANG_WARN_DIRECT_OBJC_ISA_USAGE = YES_ERROR;
				CLANG_WARN_DOCUMENTATION_COMMENTS = YES;
				CLANG_WARN_EMPTY_BODY = YES;
				CLANG_WARN_ENUM_CONVERSION = YES;
				CLANG_WARN_INFINITE_RECURSION = YES;
				CLANG_WARN_INT_CONVERSION = YES;
				CLANG_WARN_NON_LITERAL_NULL_CONVERSION = YES;
				CLANG_WARN_OBJC_IMPLICIT_RETAIN_SELF = YES;
				CLANG_WARN_OBJC_LITERAL_CONVERSION = YES;
				CLANG_WARN_OBJC_ROOT_CLASS = YES_ERROR;
				CLANG_WARN_QUOTED_INCLUDE_IN_FRAMEWORK_HEADER = YES;
				CLANG_WARN_RANGE_LOOP_ANALYSIS = YES;
				CLANG_WARN_STRICT_PROTOTYPES = YES;
				CLANG_WARN_SUSPICIOUS_MOVE = YES;
				CLANG_WARN_UNGUARDED_AVAILABILITY = YES_AGGRESSIVE;
				CLANG_WARN_UNREACHABLE_CODE = YES;
				CLANG_WARN__DUPLICATE_METHOD_MATCH = YES;
				COPY_PHASE_STRIP = NO;
				DEBUG_INFORMATION_FORMAT = "dwarf-with-dsym";
				ENABLE_NS_ASSERTIONS = NO;
				ENABLE_STRICT_OBJC_MSGSEND = YES;
				GCC_C_LANGUAGE_STANDARD = gnu11;
				GCC_NO_COMMON_BLOCKS = YES;
				GCC_WARN_64_TO_32_BIT_CONVERSION = YES;
				GCC_WARN_ABOUT_RETURN_TYPE = YES_ERROR;
				GCC_WARN_UNDECLARED_SELECTOR = YES;
				GCC_WARN_UNINITIALIZED_AUTOS = YES_AGGRESSIVE;
				GCC_WARN_UNUSED_FUNCTION = YES;
				GCC_WARN_UNUSED_VARIABLE = YES;
				IPHONEOS_DEPLOYMENT_TARGET = 15.5;
				MTL_ENABLE_DEBUG_INFO = NO;
				MTL_FAST_MATH = YES;
				SDKROOT = iphoneos;
				SWIFT_COMPILATION_MODE = wholemodule;
				SWIFT_OPTIMIZATION_LEVEL = "-O";
				VALIDATE_PRODUCT = YES;
			};
			name = Release;
		};
		3231AB9928A27F0A00C828EA /* Debug */ = {
			isa = XCBuildConfiguration;
			buildSettings = {
				ASSETCATALOG_COMPILER_APPICON_NAME = AppIcon;
				ASSETCATALOG_COMPILER_GLOBAL_ACCENT_COLOR_NAME = AccentColor;
				CODE_SIGN_STYLE = Automatic;
				CURRENT_PROJECT_VERSION = 1;
				DEVELOPMENT_TEAM = 35Z5R84P59;
				GENERATE_INFOPLIST_FILE = YES;
				INFOPLIST_FILE = "BBGameOfLifeTest/Supporting Files/Info.plist";
				INFOPLIST_KEY_UIApplicationSupportsIndirectInputEvents = YES;
				INFOPLIST_KEY_UILaunchStoryboardName = LaunchScreen;
				INFOPLIST_KEY_UISupportedInterfaceOrientations = UIInterfaceOrientationPortrait;
				INFOPLIST_KEY_UISupportedInterfaceOrientations_iPad = "UIInterfaceOrientationPortrait UIInterfaceOrientationPortraitUpsideDown UIInterfaceOrientationLandscapeLeft UIInterfaceOrientationLandscapeRight";
				INFOPLIST_KEY_UISupportedInterfaceOrientations_iPhone = "UIInterfaceOrientationPortrait UIInterfaceOrientationLandscapeLeft UIInterfaceOrientationLandscapeRight";
				IPHONEOS_DEPLOYMENT_TARGET = 13.0;
				LD_RUNPATH_SEARCH_PATHS = (
					"$(inherited)",
					"@executable_path/Frameworks",
				);
				MARKETING_VERSION = 1.0;
				PRODUCT_BUNDLE_IDENTIFIER = com.anmlobanov.BBGameOfLifeTest;
				PRODUCT_NAME = "$(TARGET_NAME)";
				SWIFT_EMIT_LOC_STRINGS = YES;
				SWIFT_VERSION = 5.0;
				TARGETED_DEVICE_FAMILY = 1;
			};
			name = Debug;
		};
		3231AB9A28A27F0A00C828EA /* Release */ = {
			isa = XCBuildConfiguration;
			buildSettings = {
				ASSETCATALOG_COMPILER_APPICON_NAME = AppIcon;
				ASSETCATALOG_COMPILER_GLOBAL_ACCENT_COLOR_NAME = AccentColor;
				CODE_SIGN_STYLE = Automatic;
				CURRENT_PROJECT_VERSION = 1;
				DEVELOPMENT_TEAM = 35Z5R84P59;
				GENERATE_INFOPLIST_FILE = YES;
				INFOPLIST_FILE = "BBGameOfLifeTest/Supporting Files/Info.plist";
				INFOPLIST_KEY_UIApplicationSupportsIndirectInputEvents = YES;
				INFOPLIST_KEY_UILaunchStoryboardName = LaunchScreen;
				INFOPLIST_KEY_UISupportedInterfaceOrientations = UIInterfaceOrientationPortrait;
				INFOPLIST_KEY_UISupportedInterfaceOrientations_iPad = "UIInterfaceOrientationPortrait UIInterfaceOrientationPortraitUpsideDown UIInterfaceOrientationLandscapeLeft UIInterfaceOrientationLandscapeRight";
				INFOPLIST_KEY_UISupportedInterfaceOrientations_iPhone = "UIInterfaceOrientationPortrait UIInterfaceOrientationLandscapeLeft UIInterfaceOrientationLandscapeRight";
				IPHONEOS_DEPLOYMENT_TARGET = 13.0;
				LD_RUNPATH_SEARCH_PATHS = (
					"$(inherited)",
					"@executable_path/Frameworks",
				);
				MARKETING_VERSION = 1.0;
				PRODUCT_BUNDLE_IDENTIFIER = com.anmlobanov.BBGameOfLifeTest;
				PRODUCT_NAME = "$(TARGET_NAME)";
				SWIFT_EMIT_LOC_STRINGS = YES;
				SWIFT_VERSION = 5.0;
				TARGETED_DEVICE_FAMILY = 1;
			};
			name = Release;
		};
/* End XCBuildConfiguration section */

/* Begin XCConfigurationList section */
		3231AB7F28A27F0900C828EA /* Build configuration list for PBXProject "BBGameOfLifeTest" */ = {
			isa = XCConfigurationList;
			buildConfigurations = (
				3231AB9628A27F0A00C828EA /* Debug */,
				3231AB9728A27F0A00C828EA /* Release */,
			);
			defaultConfigurationIsVisible = 0;
			defaultConfigurationName = Release;
		};
		3231AB9828A27F0A00C828EA /* Build configuration list for PBXNativeTarget "BBGameOfLifeTest" */ = {
			isa = XCConfigurationList;
			buildConfigurations = (
				3231AB9928A27F0A00C828EA /* Debug */,
				3231AB9A28A27F0A00C828EA /* Release */,
			);
			defaultConfigurationIsVisible = 0;
			defaultConfigurationName = Release;
		};
/* End XCConfigurationList section */
	};
	rootObject = 3231AB7C28A27F0900C828EA /* Project object */;
}
